
Microsoft Visual Studio Solution File, Format Version 12.00
# Visual Studio Version 16
VisualStudioVersion = 16.0.31320.298
MinimumVisualStudioVersion = 10.0.40219.1
Project("{FAE04EC0-301F-11D3-BF4B-00C04F79EFBC}") = "App", "App\App.csproj", "{84C463EF-9FC5-49EB-A5D2-7A5D5336D496}"
EndProject
Project("{FAE04EC0-301F-11D3-BF4B-00C04F79EFBC}") = "Lib", "Lib\Lib.csproj", "{F667859C-9AC2-41FC-8E21-C16554E89F6E}"
EndProject
Global
	GlobalSection(SolutionConfigurationPlatforms) = preSolution
		Debug|Any CPU = Debug|Any CPU
		Release|Any CPU = Release|Any CPU
	EndGlobalSection
	GlobalSection(ProjectConfigurationPlatforms) = postSolution
		{84C463EF-9FC5-49EB-A5D2-7A5D5336D496}.Debug|Any CPU.ActiveCfg = Debug|Any CPU
		{84C463EF-9FC5-49EB-A5D2-7A5D5336D496}.Debug|Any CPU.Build.0 = Debug|Any CPU
		{84C463EF-9FC5-49EB-A5D2-7A5D5336D496}.Release|Any CPU.ActiveCfg = Release|Any CPU
		{84C463EF-9FC5-49EB-A5D2-7A5D5336D496}.Release|Any CPU.Build.0 = Release|Any CPU
		{F667859C-9AC2-41FC-8E21-C16554E89F6E}.Debug|Any CPU.ActiveCfg = Debug|Any CPU
		{F667859C-9AC2-41FC-8E21-C16554E89F6E}.Debug|Any CPU.Build.0 = Debug|Any CPU
		{F667859C-9AC2-41FC-8E21-C16554E89F6E}.Release|Any CPU.ActiveCfg = Release|Any CPU
		{F667859C-9AC2-41FC-8E21-C16554E89F6E}.Release|Any CPU.Build.0 = Release|Any CPU
	EndGlobalSection
	GlobalSection(SolutionProperties) = preSolution
		HideSolutionNode = FALSE
	EndGlobalSection
	GlobalSection(ExtensibilityGlobals) = postSolution
		SolutionGuid = {44BF0A27-C6C1-4924-95E2-B082B81E72D1}
	EndGlobalSection
EndGlobal
